
Microsoft Visual Studio Solution File, Format Version 12.00
# Visual Studio Version 17
VisualStudioVersion = 17.10.34916.146
MinimumVisualStudioVersion = 10.0.40219.1
Project("{FAE04EC0-301F-11D3-BF4B-00C04F79EFBC}") = "Models", "Models\Models.csproj", "{701F8A8A-CA05-4644-8C36-91C65DD8BE33}"
EndProject
Project("{FAE04EC0-301F-11D3-BF4B-00C04F79EFBC}") = "APIDuvidasXOportunidades", "DuvidasAPI\APIDuvidasXOportunidades.csproj", "{01CFCFEC-FCF4-4897-9036-4FD1B32B12B9}"
EndProject
Global
	GlobalSection(SolutionConfigurationPlatforms) = preSolution
		Debug|Any CPU = Debug|Any CPU
		Release|Any CPU = Release|Any CPU
	EndGlobalSection
	GlobalSection(ProjectConfigurationPlatforms) = postSolution
		{701F8A8A-CA05-4644-8C36-91C65DD8BE33}.Debug|Any CPU.ActiveCfg = Debug|Any CPU
		{701F8A8A-CA05-4644-8C36-91C65DD8BE33}.Debug|Any CPU.Build.0 = Debug|Any CPU
		{701F8A8A-CA05-4644-8C36-91C65DD8BE33}.Release|Any CPU.ActiveCfg = Release|Any CPU
		{701F8A8A-CA05-4644-8C36-91C65DD8BE33}.Release|Any CPU.Build.0 = Release|Any CPU
		{01CFCFEC-FCF4-4897-9036-4FD1B32B12B9}.Debug|Any CPU.ActiveCfg = Debug|Any CPU
		{01CFCFEC-FCF4-4897-9036-4FD1B32B12B9}.Debug|Any CPU.Build.0 = Debug|Any CPU
		{01CFCFEC-FCF4-4897-9036-4FD1B32B12B9}.Release|Any CPU.ActiveCfg = Release|Any CPU
		{01CFCFEC-FCF4-4897-9036-4FD1B32B12B9}.Release|Any CPU.Build.0 = Release|Any CPU
	EndGlobalSection
	GlobalSection(SolutionProperties) = preSolution
		HideSolutionNode = FALSE
	EndGlobalSection
	GlobalSection(ExtensibilityGlobals) = postSolution
		SolutionGuid = {7AC955FA-CEDB-4340-8EB1-C7B634B5CE69}
	EndGlobalSection
EndGlobal
